
Microsoft Visual Studio Solution File, Format Version 12.00
# Visual Studio 14
VisualStudioVersion = 14.0.23107.0
MinimumVisualStudioVersion = 10.0.40219.1
Project("{FAE04EC0-301F-11D3-BF4B-00C04F79EFBC}") = "C part 2 2013 2014 22 Jan 2014 evening", "C part 2 2013 2014 22 Jan 2014 evening\C part 2 2013 2014 22 Jan 2014 evening.csproj", "{C4B332E4-C49F-417E-8AD2-9834EEF7C1C8}"
EndProject
Project("{FAE04EC0-301F-11D3-BF4B-00C04F79EFBC}") = "1", "1.\1.csproj", "{ACEADE37-F974-4BBA-A461-056DE7400006}"
EndProject
Global
	GlobalSection(SolutionConfigurationPlatforms) = preSolution
		Debug|Any CPU = Debug|Any CPU
		Release|Any CPU = Release|Any CPU
	EndGlobalSection
	GlobalSection(ProjectConfigurationPlatforms) = postSolution
		{C4B332E4-C49F-417E-8AD2-9834EEF7C1C8}.Debug|Any CPU.ActiveCfg = Debug|Any CPU
		{C4B332E4-C49F-417E-8AD2-9834EEF7C1C8}.Debug|Any CPU.Build.0 = Debug|Any CPU
		{C4B332E4-C49F-417E-8AD2-9834EEF7C1C8}.Release|Any CPU.ActiveCfg = Release|Any CPU
		{C4B332E4-C49F-417E-8AD2-9834EEF7C1C8}.Release|Any CPU.Build.0 = Release|Any CPU
		{ACEADE37-F974-4BBA-A461-056DE7400006}.Debug|Any CPU.ActiveCfg = Debug|Any CPU
		{ACEADE37-F974-4BBA-A461-056DE7400006}.Debug|Any CPU.Build.0 = Debug|Any CPU
		{ACEADE37-F974-4BBA-A461-056DE7400006}.Release|Any CPU.ActiveCfg = Release|Any CPU
		{ACEADE37-F974-4BBA-A461-056DE7400006}.Release|Any CPU.Build.0 = Release|Any CPU
	EndGlobalSection
	GlobalSection(SolutionProperties) = preSolution
		HideSolutionNode = FALSE
	EndGlobalSection
EndGlobal
